
Microsoft Visual Studio Solution File, Format Version 12.00
# Visual Studio Version 17
VisualStudioVersion = 17.4.33403.182
MinimumVisualStudioVersion = 10.0.40219.1
Project("{FAE04EC0-301F-11D3-BF4B-00C04F79EFBC}") = "Amaterasu", "WPF\Amaterasu.csproj", "{97DAE6A1-06C3-42DD-AB64-D0724BE7912C}"
EndProject
Global
	GlobalSection(SolutionConfigurationPlatforms) = preSolution
		Debug|Any CPU = Debug|Any CPU
		Release|Any CPU = Release|Any CPU
	EndGlobalSection
	GlobalSection(ProjectConfigurationPlatforms) = postSolution
		{97DAE6A1-06C3-42DD-AB64-D0724BE7912C}.Debug|Any CPU.ActiveCfg = Debug|Any CPU
		{97DAE6A1-06C3-42DD-AB64-D0724BE7912C}.Debug|Any CPU.Build.0 = Debug|Any CPU
		{97DAE6A1-06C3-42DD-AB64-D0724BE7912C}.Release|Any CPU.ActiveCfg = Release|Any CPU
		{97DAE6A1-06C3-42DD-AB64-D0724BE7912C}.Release|Any CPU.Build.0 = Release|Any CPU
	EndGlobalSection
	GlobalSection(SolutionProperties) = preSolution
		HideSolutionNode = FALSE
	EndGlobalSection
	GlobalSection(ExtensibilityGlobals) = postSolution
		SolutionGuid = {A1B4E545-DD53-4EF5-89DA-8084D136F36C}
	EndGlobalSection
EndGlobal
